{
  "nodes": {
    "darkvoid-theme": {
      "flake": false,
      "locked": {
        "lastModified": 1767066660,
        "narHash": "sha256-Be316hhpVhpT1NTVLk4LL9QvlyinNA3jDFzILlZ2qkI=",
        "owner": "cyprx",
        "repo": "darkvoid-helix",
        "rev": "35d1409d6a3c174ba667ed996f794b0451bf7e82",
        "type": "github"
      },
      "original": {
        "owner": "cyprx",
        "repo": "darkvoid-helix",
        "type": "github"
      }
    },
    "flake-compat": {
      "flake": false,
      "locked": {
        "lastModified": 1767039857,
        "narHash": "sha256-vNpUSpF5Nuw8xvDLj2KCwwksIbjua2LZCqhV1LNRDns=",
        "owner": "edolstra",
        "repo": "flake-compat",
        "rev": "5edf11c44bc78a0d334f6334cdaf7d60d732daab",
        "type": "github"
      },
      "original": {
        "owner": "edolstra",
        "repo": "flake-compat",
        "type": "github"
      }
    },
    "grass-theme": {
      "flake": false,
      "locked": {
        "lastModified": 1776069035,
        "narHash": "sha256-Y6dkPchJ7WDe5WggVCCsdxjPdooLNZncsZZIdh0ZQrQ=",
        "owner": "cyprx",
        "repo": "grass-helix",
        "rev": "f320ac225c9c0c1d5dbdc57f296e365704fed0d1",
        "type": "github"
      },
      "original": {
        "owner": "cyprx",
        "repo": "grass-helix",
        "type": "github"
      }
    },
    "helix": {
      "inputs": {
        "nixpkgs": "nixpkgs",
        "rust-overlay": "rust-overlay"
      },
      "locked": {
        "lastModified": 1780582644,
        "narHash": "sha256-Od59esO1FRbhKQ7i/1VHT6djnVurKW9ut0Zow5/PENo=",
        "owner": "helix-editor",
        "repo": "helix",
        "rev": "d3ec5bcb9c0b93e242444d9b5f7f429172ff0f48",
        "type": "github"
      },
      "original": {
        "owner": "helix-editor",
        "repo": "helix",
        "type": "github"
      }
    },
    "home-manager": {
      "inputs": {
        "nixpkgs": [
          "nixpkgs"
        ]
      },
      "locked": {
        "lastModified": 1780593650,
        "narHash": "sha256-CHo7k65YTL3HY+WQVedDTupji+LMgNlKCdrtRHZFAK4=",
        "owner": "nix-community",
        "repo": "home-manager",
        "rev": "447fd9ff62501dae7206dfe180ee89f8de27b7d5",
        "type": "github"
      },
      "original": {
        "owner": "nix-community",
        "repo": "home-manager",
        "type": "github"
      }
    },
    "niri": {
      "inputs": {
        "niri-stable": "niri-stable",
        "niri-unstable": "niri-unstable",
        "nixpkgs": "nixpkgs_2",
        "nixpkgs-stable": "nixpkgs-stable",
        "xwayland-satellite-stable": "xwayland-satellite-stable",
        "xwayland-satellite-unstable": "xwayland-satellite-unstable"
      },
      "locked": {
        "lastModified": 1780348240,
        "narHash": "sha256-V4QJAR5+AHUV31KOwrUVE8efOC9bkhLHbvkXT05I0mY=",
        "owner": "sodiboo",
        "repo": "niri-flake",
        "rev": "134a4f01eff9291806eab0e8d9fe31bbda7587f3",
        "type": "github"
      },
      "original": {
        "owner": "sodiboo",
        "repo": "niri-flake",
        "type": "github"
      }
    },
    "niri-stable": {
      "flake": false,
      "locked": {
        "lastModified": 1756556321,
        "narHash": "sha256-RLD89dfjN0RVO86C/Mot0T7aduCygPGaYbog566F0Qo=",
        "owner": "YaLTeR",
        "repo": "niri",
        "rev": "01be0e65f4eb91a9cd624ac0b76aaeab765c7294",
        "type": "github"
      },
      "original": {
        "owner": "YaLTeR",
        "ref": "v25.08",
        "repo": "niri",
        "type": "github"
      }
    },
    "niri-unstable": {
      "flake": false,
      "locked": {
        "lastModified": 1780056110,
        "narHash": "sha256-t7lKVshV/srD0G06j4r5P5qj9zaDeZ9JYFCxHDGROZU=",
        "owner": "YaLTeR",
        "repo": "niri",
        "rev": "f9f43d826ab4014a7c302be28d7da33e12f5be37",
        "type": "github"
      },
      "original": {
        "owner": "YaLTeR",
        "repo": "niri",
        "type": "github"
      }
    },
    "nix-darwin": {
      "inputs": {
        "nixpkgs": [
          "nixpkgs"
        ]
      },
      "locked": {
        "lastModified": 1779036909,
        "narHash": "sha256-zXcwYQGCT6pzinK+1dBB2ekTVtfxGZAapb3Evdcu4fY=",
        "owner": "nix-darwin",
        "repo": "nix-darwin",
        "rev": "56c666e108467d87d13508936aade6d567f2a501",
        "type": "github"
      },
      "original": {
        "owner": "nix-darwin",
        "ref": "master",
        "repo": "nix-darwin",
        "type": "github"
      }
    },
    "nixos-wsl": {
      "inputs": {
        "flake-compat": "flake-compat",
        "nixpkgs": "nixpkgs_3"
      },
      "locked": {
        "lastModified": 1780525334,
        "narHash": "sha256-IsKkAEN/9x0MRIrZduykgLJxME8L70KNknC+3iII6Yo=",
        "owner": "nix-community",
        "repo": "NixOS-WSL",
        "rev": "cde346714cb46261648cac80c361dbd388f82f20",
        "type": "github"
      },
      "original": {
        "owner": "nix-community",
        "ref": "main",
        "repo": "NixOS-WSL",
        "type": "github"
      }
    },
    "nixpkgs": {
      "locked": {
        "lastModified": 1775036866,
        "narHash": "sha256-ZojAnPuCdy657PbTq5V0Y+AHKhZAIwSIT2cb8UgAz/U=",
        "owner": "nixos",
        "repo": "nixpkgs",
        "rev": "6201e203d09599479a3b3450ed24fa81537ebc4e",
        "type": "github"
      },
      "original": {
        "owner": "nixos",
        "ref": "nixos-unstable",
        "repo": "nixpkgs",
        "type": "github"
      }
    },
    "nixpkgs-stable": {
      "locked": {
        "lastModified": 1779796641,
        "narHash": "sha256-ZsIrKmhp4vbBXoXXmR/tBXA/UCsAQiJL9vsgZEduhVY=",
        "owner": "NixOS",
        "repo": "nixpkgs",
        "rev": "25f538306313eae3927264466c70d7001dcea1df",
        "type": "github"
      },
      "original": {
        "owner": "NixOS",
        "ref": "nixos-25.11",
        "repo": "nixpkgs",
        "type": "github"
      }
    },
    "nixpkgs_2": {
      "locked": {
        "lastModified": 1780243769,
        "narHash": "sha256-x5UQuRsH3MqI0U9afaXSNqzTPSeZlRLvFAav2Ux1pNw=",
        "owner": "NixOS",
        "repo": "nixpkgs",
        "rev": "331800de5053fcebacf6813adb5db9c9dca22a0c",
        "type": "github"
      },
      "original": {
        "owner": "NixOS",
        "ref": "nixos-unstable",
        "repo": "nixpkgs",
        "type": "github"
      }
    },
    "nixpkgs_3": {
      "locked": {
        "lastModified": 1779560665,
        "narHash": "sha256-tpyBcxPpcQb8ukyNF7DoCwfSY3VPsxHoYwj00Cayv5o=",
        "owner": "NixOS",
        "repo": "nixpkgs",
        "rev": "64c08a7ca051951c8eae34e3e3cb1e202fe36786",
        "type": "github"
      },
      "original": {
        "owner": "NixOS",
        "ref": "nixos-unstable",
        "repo": "nixpkgs",
        "type": "github"
      }
    },
    "nixpkgs_4": {
      "locked": {
        "lastModified": 1780243769,
        "narHash": "sha256-x5UQuRsH3MqI0U9afaXSNqzTPSeZlRLvFAav2Ux1pNw=",
        "owner": "NixOS",
        "repo": "nixpkgs",
        "rev": "331800de5053fcebacf6813adb5db9c9dca22a0c",
        "type": "github"
      },
      "original": {
        "owner": "NixOS",
        "ref": "nixos-unstable",
        "repo": "nixpkgs",
        "type": "github"
      }
    },
    "root": {
      "inputs": {
        "darkvoid-theme": "darkvoid-theme",
        "grass-theme": "grass-theme",
        "helix": "helix",
        "home-manager": "home-manager",
        "niri": "niri",
        "nix-darwin": "nix-darwin",
        "nixos-wsl": "nixos-wsl",
        "nixpkgs": "nixpkgs_4"
      }
    },
    "rust-overlay": {
      "inputs": {
        "nixpkgs": [
          "helix",
          "nixpkgs"
        ]
      },
      "locked": {
        "lastModified": 1775358767,
        "narHash": "sha256-f2eC+WIfhjevCPQILuV08i/kmKZzYZpUvkom/33VxCA=",
        "owner": "oxalica",
        "repo": "rust-overlay",
        "rev": "20fd44bc663daa53a2575e01293e24e681d62244",
        "type": "github"
      },
      "original": {
        "owner": "oxalica",
        "repo": "rust-overlay",
        "type": "github"
      }
    },
    "xwayland-satellite-stable": {
      "flake": false,
      "locked": {
        "lastModified": 1755491097,
        "narHash": "sha256-m+9tUfsmBeF2Gn4HWa6vSITZ4Gz1eA1F5Kh62B0N4oE=",
        "owner": "Supreeeme",
        "repo": "xwayland-satellite",
        "rev": "388d291e82ffbc73be18169d39470f340707edaa",
        "type": "github"
      },
      "original": {
        "owner": "Supreeeme",
        "ref": "v0.7",
        "repo": "xwayland-satellite",
        "type": "github"
      }
    },
    "xwayland-satellite-unstable": {
      "flake": false,
      "locked": {
        "lastModified": 1779745227,
        "narHash": "sha256-yqY7RtEJGJiENzR0GwL6q69tSAy6xAAmAcLuIhLjPf8=",
        "owner": "Supreeeme",
        "repo": "xwayland-satellite",
        "rev": "5d1efbc9dc3ab1c10160b656e0247f3325daf0f2",
        "type": "github"
      },
      "original": {
        "owner": "Supreeeme",
        "repo": "xwayland-satellite",
        "type": "github"
      }
    }
  },
  "root": "root",
  "version": 7
}
